
Microsoft Visual Studio Solution File, Format Version 12.00
# Visual Studio Version 17
VisualStudioVersion = 17.5.33516.290
MinimumVisualStudioVersion = 10.0.40219.1
Project("{FAE04EC0-301F-11D3-BF4B-00C04F79EFBC}") = "ToDoList", "ToDoList.csproj", "{DCE4AEFA-DC38-429F-BD1A-C79D265AC138}"
EndProject
Global
	GlobalSection(SolutionConfigurationPlatforms) = preSolution
		Debug|Any CPU = Debug|Any CPU
		Release|Any CPU = Release|Any CPU
	EndGlobalSection
	GlobalSection(ProjectConfigurationPlatforms) = postSolution
		{DCE4AEFA-DC38-429F-BD1A-C79D265AC138}.Debug|Any CPU.ActiveCfg = Debug|Any CPU
		{DCE4AEFA-DC38-429F-BD1A-C79D265AC138}.Debug|Any CPU.Build.0 = Debug|Any CPU
		{DCE4AEFA-DC38-429F-BD1A-C79D265AC138}.Release|Any CPU.ActiveCfg = Release|Any CPU
		{DCE4AEFA-DC38-429F-BD1A-C79D265AC138}.Release|Any CPU.Build.0 = Release|Any CPU
	EndGlobalSection
	GlobalSection(SolutionProperties) = preSolution
		HideSolutionNode = FALSE
	EndGlobalSection
	GlobalSection(ExtensibilityGlobals) = postSolution
		SolutionGuid = {32B4DBE3-05AB-4DBE-9B0D-1E685729AA12}
	EndGlobalSection
EndGlobal
