
Microsoft Visual Studio Solution File, Format Version 12.00
# Visual Studio Version 17
VisualStudioVersion = 17.5.33516.290
MinimumVisualStudioVersion = 10.0.40219.1
Project("{FAE04EC0-301F-11D3-BF4B-00C04F79EFBC}") = "ToDoListApi", "ToDoListApi\ToDoListApi.csproj", "{EE3EA02E-8C4F-4556-B6EA-940AA9E79C9D}"
EndProject
Global
	GlobalSection(SolutionConfigurationPlatforms) = preSolution
		Debug|Any CPU = Debug|Any CPU
		Release|Any CPU = Release|Any CPU
	EndGlobalSection
	GlobalSection(ProjectConfigurationPlatforms) = postSolution
		{EE3EA02E-8C4F-4556-B6EA-940AA9E79C9D}.Debug|Any CPU.ActiveCfg = Debug|Any CPU
		{EE3EA02E-8C4F-4556-B6EA-940AA9E79C9D}.Debug|Any CPU.Build.0 = Debug|Any CPU
		{EE3EA02E-8C4F-4556-B6EA-940AA9E79C9D}.Release|Any CPU.ActiveCfg = Release|Any CPU
		{EE3EA02E-8C4F-4556-B6EA-940AA9E79C9D}.Release|Any CPU.Build.0 = Release|Any CPU
	EndGlobalSection
	GlobalSection(SolutionProperties) = preSolution
		HideSolutionNode = FALSE
	EndGlobalSection
	GlobalSection(ExtensibilityGlobals) = postSolution
		SolutionGuid = {D475061E-F61F-4F71-89E8-44B44D60668C}
	EndGlobalSection
EndGlobal
